
Microsoft Visual Studio Solution File, Format Version 12.00
# Visual Studio 15
VisualStudioVersion = 15.0.27004.2010
MinimumVisualStudioVersion = 10.0.40219.1
Project("{FAE04EC0-301F-11D3-BF4B-00C04F79EFBC}") = "Nac.Altseed", "Nac.Altseed\Nac.Altseed.csproj", "{7CD6E31E-B11F-48CD-9288-A34E76F1C56A}"
EndProject
Project("{FAE04EC0-301F-11D3-BF4B-00C04F79EFBC}") = "Nac.Altseed.Test", "Nac.Altseed.Test\Nac.Altseed.Test.csproj", "{B14BAA0E-FB6C-4394-BB52-A3C8CC8E1CA3}"
EndProject
Project("{FAE04EC0-301F-11D3-BF4B-00C04F79EFBC}") = "Nac.Altseed.UnitTest", "Nac.Altseed.UnitTest\Nac.Altseed.UnitTest.csproj", "{D05B3F6E-F1DF-4E4A-87C0-B5700FE4F010}"
EndProject
Project("{FAE04EC0-301F-11D3-BF4B-00C04F79EFBC}") = "Altseed.Reactive.Helper", "Altseed.Reactive.Helper\Altseed.Reactive.Helper.csproj", "{4194B9C8-181E-4C25-AF14-2BC58ECBF766}"
EndProject
Project("{FAE04EC0-301F-11D3-BF4B-00C04F79EFBC}") = "Altseed.Reactive.Easing", "Altseed.Reactive.Easing\Altseed.Reactive.Easing.csproj", "{8FCA5E20-BB14-49DE-9E72-B614AE74D87E}"
EndProject
Project("{FAE04EC0-301F-11D3-BF4B-00C04F79EFBC}") = "Altseed.Reactive.Input", "Altseed.Reactive.Input\Altseed.Reactive.Input.csproj", "{EA729D22-435D-4124-A6FE-EBC6F5FBC5F7}"
EndProject
Project("{FAE04EC0-301F-11D3-BF4B-00C04F79EFBC}") = "Altseed.Reactive.Ui", "Altseed.Reactive.UI\Altseed.Reactive.Ui.csproj", "{AE40F424-04E8-408C-B5B7-171FF0792E3A}"
EndProject
Project("{FAE04EC0-301F-11D3-BF4B-00C04F79EFBC}") = "Altseed.Reactive.Object", "Altseed.Reactive.Object\Altseed.Reactive.Object.csproj", "{149A00BC-2F9A-493D-A3E2-7C601AEFB71B}"
EndProject
Project("{FAE04EC0-301F-11D3-BF4B-00C04F79EFBC}") = "Altseed.Reactive.Test", "Altseed.Reactive.Test\Altseed.Reactive.Test.csproj", "{C6F1D686-19B9-48F0-9809-2E62E31E9A7C}"
EndProject
Global
	GlobalSection(SolutionConfigurationPlatforms) = preSolution
		Debug|Any CPU = Debug|Any CPU
		Release|Any CPU = Release|Any CPU
	EndGlobalSection
	GlobalSection(ProjectConfigurationPlatforms) = postSolution
		{7CD6E31E-B11F-48CD-9288-A34E76F1C56A}.Debug|Any CPU.ActiveCfg = Debug|Any CPU
		{7CD6E31E-B11F-48CD-9288-A34E76F1C56A}.Debug|Any CPU.Build.0 = Debug|Any CPU
		{7CD6E31E-B11F-48CD-9288-A34E76F1C56A}.Release|Any CPU.ActiveCfg = Release|Any CPU
		{7CD6E31E-B11F-48CD-9288-A34E76F1C56A}.Release|Any CPU.Build.0 = Release|Any CPU
		{B14BAA0E-FB6C-4394-BB52-A3C8CC8E1CA3}.Debug|Any CPU.ActiveCfg = Debug|Any CPU
		{B14BAA0E-FB6C-4394-BB52-A3C8CC8E1CA3}.Debug|Any CPU.Build.0 = Debug|Any CPU
		{B14BAA0E-FB6C-4394-BB52-A3C8CC8E1CA3}.Release|Any CPU.ActiveCfg = Release|Any CPU
		{B14BAA0E-FB6C-4394-BB52-A3C8CC8E1CA3}.Release|Any CPU.Build.0 = Release|Any CPU
		{D05B3F6E-F1DF-4E4A-87C0-B5700FE4F010}.Debug|Any CPU.ActiveCfg = Debug|Any CPU
		{D05B3F6E-F1DF-4E4A-87C0-B5700FE4F010}.Debug|Any CPU.Build.0 = Debug|Any CPU
		{D05B3F6E-F1DF-4E4A-87C0-B5700FE4F010}.Release|Any CPU.ActiveCfg = Release|Any CPU
		{D05B3F6E-F1DF-4E4A-87C0-B5700FE4F010}.Release|Any CPU.Build.0 = Release|Any CPU
		{4194B9C8-181E-4C25-AF14-2BC58ECBF766}.Debug|Any CPU.ActiveCfg = Debug|Any CPU
		{4194B9C8-181E-4C25-AF14-2BC58ECBF766}.Debug|Any CPU.Build.0 = Debug|Any CPU
		{4194B9C8-181E-4C25-AF14-2BC58ECBF766}.Release|Any CPU.ActiveCfg = Release|Any CPU
		{4194B9C8-181E-4C25-AF14-2BC58ECBF766}.Release|Any CPU.Build.0 = Release|Any CPU
		{8FCA5E20-BB14-49DE-9E72-B614AE74D87E}.Debug|Any CPU.ActiveCfg = Debug|Any CPU
		{8FCA5E20-BB14-49DE-9E72-B614AE74D87E}.Debug|Any CPU.Build.0 = Debug|Any CPU
		{8FCA5E20-BB14-49DE-9E72-B614AE74D87E}.Release|Any CPU.ActiveCfg = Release|Any CPU
		{8FCA5E20-BB14-49DE-9E72-B614AE74D87E}.Release|Any CPU.Build.0 = Release|Any CPU
		{EA729D22-435D-4124-A6FE-EBC6F5FBC5F7}.Debug|Any CPU.ActiveCfg = Debug|Any CPU
		{EA729D22-435D-4124-A6FE-EBC6F5FBC5F7}.Debug|Any CPU.Build.0 = Debug|Any CPU
		{EA729D22-435D-4124-A6FE-EBC6F5FBC5F7}.Release|Any CPU.ActiveCfg = Release|Any CPU
		{EA729D22-435D-4124-A6FE-EBC6F5FBC5F7}.Release|Any CPU.Build.0 = Release|Any CPU
		{AE40F424-04E8-408C-B5B7-171FF0792E3A}.Debug|Any CPU.ActiveCfg = Debug|Any CPU
		{AE40F424-04E8-408C-B5B7-171FF0792E3A}.Debug|Any CPU.Build.0 = Debug|Any CPU
		{AE40F424-04E8-408C-B5B7-171FF0792E3A}.Release|Any CPU.ActiveCfg = Release|Any CPU
		{AE40F424-04E8-408C-B5B7-171FF0792E3A}.Release|Any CPU.Build.0 = Release|Any CPU
		{149A00BC-2F9A-493D-A3E2-7C601AEFB71B}.Debug|Any CPU.ActiveCfg = Debug|Any CPU
		{149A00BC-2F9A-493D-A3E2-7C601AEFB71B}.Debug|Any CPU.Build.0 = Debug|Any CPU
		{149A00BC-2F9A-493D-A3E2-7C601AEFB71B}.Release|Any CPU.ActiveCfg = Release|Any CPU
		{149A00BC-2F9A-493D-A3E2-7C601AEFB71B}.Release|Any CPU.Build.0 = Release|Any CPU
		{C6F1D686-19B9-48F0-9809-2E62E31E9A7C}.Debug|Any CPU.ActiveCfg = Debug|Any CPU
		{C6F1D686-19B9-48F0-9809-2E62E31E9A7C}.Debug|Any CPU.Build.0 = Debug|Any CPU
		{C6F1D686-19B9-48F0-9809-2E62E31E9A7C}.Release|Any CPU.ActiveCfg = Release|Any CPU
		{C6F1D686-19B9-48F0-9809-2E62E31E9A7C}.Release|Any CPU.Build.0 = Release|Any CPU
	EndGlobalSection
	GlobalSection(SolutionProperties) = preSolution
		HideSolutionNode = FALSE
	EndGlobalSection
	GlobalSection(ExtensibilityGlobals) = postSolution
		SolutionGuid = {2B7725D2-7EA4-4962-8C2E-AC6B71A9F748}
	EndGlobalSection
EndGlobal
